
Microsoft Visual Studio Solution File, Format Version 12.00
# Visual Studio Version 17
VisualStudioVersion = 17.14.36212.18 d17.14
MinimumVisualStudioVersion = 10.0.40219.1
Project("{FAE04EC0-301F-11D3-BF4B-00C04F79EFBC}") = "APICatalog", "APICatalog\APICatalog.csproj", "{4CD14009-8D51-4FA7-AB2E-B7FC1AECABC7}"
EndProject
Global
	GlobalSection(SolutionConfigurationPlatforms) = preSolution
		Debug|Any CPU = Debug|Any CPU
		Release|Any CPU = Release|Any CPU
	EndGlobalSection
	GlobalSection(ProjectConfigurationPlatforms) = postSolution
		{4CD14009-8D51-4FA7-AB2E-B7FC1AECABC7}.Debug|Any CPU.ActiveCfg = Debug|Any CPU
		{4CD14009-8D51-4FA7-AB2E-B7FC1AECABC7}.Debug|Any CPU.Build.0 = Debug|Any CPU
		{4CD14009-8D51-4FA7-AB2E-B7FC1AECABC7}.Release|Any CPU.ActiveCfg = Release|Any CPU
		{4CD14009-8D51-4FA7-AB2E-B7FC1AECABC7}.Release|Any CPU.Build.0 = Release|Any CPU
	EndGlobalSection
	GlobalSection(SolutionProperties) = preSolution
		HideSolutionNode = FALSE
	EndGlobalSection
	GlobalSection(ExtensibilityGlobals) = postSolution
		SolutionGuid = {46EFCADE-26EF-4BD5-8392-31EA8F424CF5}
	EndGlobalSection
EndGlobal
